
Microsoft Visual Studio Solution File, Format Version 12.00
# Visual Studio 15
VisualStudioVersion = 15.0.26403.7
MinimumVisualStudioVersion = 10.0.40219.1
Project("{FAE04EC0-301F-11D3-BF4B-00C04F79EFBC}") = "Enricher", "Enricher\Enricher.csproj", "{503D2CFE-EE39-4448-9699-6D7E16D6C364}"
EndProject
Project("{FAE04EC0-301F-11D3-BF4B-00C04F79EFBC}") = "EventModel", "EventModel\EventModel.csproj", "{24457CFA-6F85-4B52-A3DD-EF068CBABC90}"
EndProject
Project("{FAE04EC0-301F-11D3-BF4B-00C04F79EFBC}") = "Enricher.RabbitMQ", "Router.RabbitMQ\Enricher.RabbitMQ.csproj", "{D4D187F8-49EB-48E6-A84D-3C798BFC2C12}"
EndProject
Project("{FAE04EC0-301F-11D3-BF4B-00C04F79EFBC}") = "Handler", "Handler\Handler.csproj", "{F08C0097-ED9E-4694-B332-4FC32F53AB0D}"
EndProject
Project("{FAE04EC0-301F-11D3-BF4B-00C04F79EFBC}") = "Router", "Router\Router.csproj", "{90CC0D76-3D9F-4450-B95B-FB6E07F227D9}"
EndProject
Project("{FAE04EC0-301F-11D3-BF4B-00C04F79EFBC}") = "Handler.DI", "Handler.DI\Handler.DI.csproj", "{6088EB26-D60B-4CE3-8F68-E3988B5659EA}"
EndProject
Project("{FAE04EC0-301F-11D3-BF4B-00C04F79EFBC}") = "Tools", "Tools\Tools.csproj", "{ADBE8692-7466-45F6-8CFA-126B4A768B2F}"
EndProject
Global
	GlobalSection(SolutionConfigurationPlatforms) = preSolution
		Debug|Any CPU = Debug|Any CPU
		Release|Any CPU = Release|Any CPU
	EndGlobalSection
	GlobalSection(ProjectConfigurationPlatforms) = postSolution
		{503D2CFE-EE39-4448-9699-6D7E16D6C364}.Debug|Any CPU.ActiveCfg = Debug|Any CPU
		{503D2CFE-EE39-4448-9699-6D7E16D6C364}.Debug|Any CPU.Build.0 = Debug|Any CPU
		{503D2CFE-EE39-4448-9699-6D7E16D6C364}.Release|Any CPU.ActiveCfg = Release|Any CPU
		{503D2CFE-EE39-4448-9699-6D7E16D6C364}.Release|Any CPU.Build.0 = Release|Any CPU
		{24457CFA-6F85-4B52-A3DD-EF068CBABC90}.Debug|Any CPU.ActiveCfg = Debug|Any CPU
		{24457CFA-6F85-4B52-A3DD-EF068CBABC90}.Debug|Any CPU.Build.0 = Debug|Any CPU
		{24457CFA-6F85-4B52-A3DD-EF068CBABC90}.Release|Any CPU.ActiveCfg = Release|Any CPU
		{24457CFA-6F85-4B52-A3DD-EF068CBABC90}.Release|Any CPU.Build.0 = Release|Any CPU
		{D4D187F8-49EB-48E6-A84D-3C798BFC2C12}.Debug|Any CPU.ActiveCfg = Debug|Any CPU
		{D4D187F8-49EB-48E6-A84D-3C798BFC2C12}.Debug|Any CPU.Build.0 = Debug|Any CPU
		{D4D187F8-49EB-48E6-A84D-3C798BFC2C12}.Release|Any CPU.ActiveCfg = Release|Any CPU
		{D4D187F8-49EB-48E6-A84D-3C798BFC2C12}.Release|Any CPU.Build.0 = Release|Any CPU
		{F08C0097-ED9E-4694-B332-4FC32F53AB0D}.Debug|Any CPU.ActiveCfg = Debug|Any CPU
		{F08C0097-ED9E-4694-B332-4FC32F53AB0D}.Debug|Any CPU.Build.0 = Debug|Any CPU
		{F08C0097-ED9E-4694-B332-4FC32F53AB0D}.Release|Any CPU.ActiveCfg = Release|Any CPU
		{F08C0097-ED9E-4694-B332-4FC32F53AB0D}.Release|Any CPU.Build.0 = Release|Any CPU
		{90CC0D76-3D9F-4450-B95B-FB6E07F227D9}.Debug|Any CPU.ActiveCfg = Debug|Any CPU
		{90CC0D76-3D9F-4450-B95B-FB6E07F227D9}.Debug|Any CPU.Build.0 = Debug|Any CPU
		{90CC0D76-3D9F-4450-B95B-FB6E07F227D9}.Release|Any CPU.ActiveCfg = Release|Any CPU
		{90CC0D76-3D9F-4450-B95B-FB6E07F227D9}.Release|Any CPU.Build.0 = Release|Any CPU
		{6088EB26-D60B-4CE3-8F68-E3988B5659EA}.Debug|Any CPU.ActiveCfg = Debug|Any CPU
		{6088EB26-D60B-4CE3-8F68-E3988B5659EA}.Debug|Any CPU.Build.0 = Debug|Any CPU
		{6088EB26-D60B-4CE3-8F68-E3988B5659EA}.Release|Any CPU.ActiveCfg = Release|Any CPU
		{6088EB26-D60B-4CE3-8F68-E3988B5659EA}.Release|Any CPU.Build.0 = Release|Any CPU
		{ADBE8692-7466-45F6-8CFA-126B4A768B2F}.Debug|Any CPU.ActiveCfg = Debug|Any CPU
		{ADBE8692-7466-45F6-8CFA-126B4A768B2F}.Debug|Any CPU.Build.0 = Debug|Any CPU
		{ADBE8692-7466-45F6-8CFA-126B4A768B2F}.Release|Any CPU.ActiveCfg = Release|Any CPU
		{ADBE8692-7466-45F6-8CFA-126B4A768B2F}.Release|Any CPU.Build.0 = Release|Any CPU
	EndGlobalSection
	GlobalSection(SolutionProperties) = preSolution
		HideSolutionNode = FALSE
	EndGlobalSection
EndGlobal
